
Microsoft Visual Studio Solution File, Format Version 12.00
# Visual Studio 15
VisualStudioVersion = 15.0.28307.329
MinimumVisualStudioVersion = 10.0.40219.1
Project("{FAE04EC0-301F-11D3-BF4B-00C04F79EFBC}") = "MyFirstConsoleApp", "MyFirstConsoleApp\MyFirstConsoleApp.csproj", "{3470D199-2B98-4E93-B204-88032FFC11EE}"
EndProject
Project("{FAE04EC0-301F-11D3-BF4B-00C04F79EFBC}") = "MyFirstClassLibrary", "MyFirstClassLibrary\MyFirstClassLibrary.csproj", "{DC6FEC7A-055E-40B4-9D5C-434CD3545F11}"
EndProject
Global
	GlobalSection(SolutionConfigurationPlatforms) = preSolution
		Debug|Any CPU = Debug|Any CPU
		Release|Any CPU = Release|Any CPU
	EndGlobalSection
	GlobalSection(ProjectConfigurationPlatforms) = postSolution
		{3470D199-2B98-4E93-B204-88032FFC11EE}.Debug|Any CPU.ActiveCfg = Debug|Any CPU
		{3470D199-2B98-4E93-B204-88032FFC11EE}.Debug|Any CPU.Build.0 = Debug|Any CPU
		{3470D199-2B98-4E93-B204-88032FFC11EE}.Release|Any CPU.ActiveCfg = Release|Any CPU
		{3470D199-2B98-4E93-B204-88032FFC11EE}.Release|Any CPU.Build.0 = Release|Any CPU
		{DC6FEC7A-055E-40B4-9D5C-434CD3545F11}.Debug|Any CPU.ActiveCfg = Debug|Any CPU
		{DC6FEC7A-055E-40B4-9D5C-434CD3545F11}.Debug|Any CPU.Build.0 = Debug|Any CPU
		{DC6FEC7A-055E-40B4-9D5C-434CD3545F11}.Release|Any CPU.ActiveCfg = Release|Any CPU
		{DC6FEC7A-055E-40B4-9D5C-434CD3545F11}.Release|Any CPU.Build.0 = Release|Any CPU
	EndGlobalSection
	GlobalSection(SolutionProperties) = preSolution
		HideSolutionNode = FALSE
	EndGlobalSection
	GlobalSection(ExtensibilityGlobals) = postSolution
		SolutionGuid = {7DA45DE1-0B73-4F4A-AD6B-3AF9C5275349}
	EndGlobalSection
EndGlobal
