
Microsoft Visual Studio Solution File, Format Version 12.00
# Visual Studio 15
VisualStudioVersion = 15.0.27703.2000
MinimumVisualStudioVersion = 10.0.40219.1
Project("{FAE04EC0-301F-11D3-BF4B-00C04F79EFBC}") = "OwinKatanaProject", "OwinKatanaProject\OwinKatanaProject.csproj", "{5CA33776-EAD9-4154-BEAE-616A957BB79F}"
EndProject
Global
	GlobalSection(SolutionConfigurationPlatforms) = preSolution
		Debug|Any CPU = Debug|Any CPU
		Release|Any CPU = Release|Any CPU
	EndGlobalSection
	GlobalSection(ProjectConfigurationPlatforms) = postSolution
		{5CA33776-EAD9-4154-BEAE-616A957BB79F}.Debug|Any CPU.ActiveCfg = Debug|Any CPU
		{5CA33776-EAD9-4154-BEAE-616A957BB79F}.Debug|Any CPU.Build.0 = Debug|Any CPU
		{5CA33776-EAD9-4154-BEAE-616A957BB79F}.Release|Any CPU.ActiveCfg = Release|Any CPU
		{5CA33776-EAD9-4154-BEAE-616A957BB79F}.Release|Any CPU.Build.0 = Release|Any CPU
	EndGlobalSection
	GlobalSection(SolutionProperties) = preSolution
		HideSolutionNode = FALSE
	EndGlobalSection
	GlobalSection(ExtensibilityGlobals) = postSolution
		SolutionGuid = {906AE75F-3853-44E5-A4D8-5500DFCDA7F8}
	EndGlobalSection
EndGlobal
